# This file is automatically @generated by Poetry 2.2.1 and should not be changed by hand.

[[package]]
name = "altgraph"
version = "0.17.5"
description = "Python graph (network) package"
optional = false
python-versions = "*"
groups = ["dev"]
files = [
    {file = "altgraph-0.17.5-py2.py3-none-any.whl", hash = "sha256:f3a22400bce1b0c701683820ac4f3b159cd301acab067c51c653e06961600597"},
    {file = "altgraph-0.17.5.tar.gz", hash = "sha256:c87b395dd12fabde9c99573a9749d67da8d29ef9de0125c7f536699b4a9bc9e7"},
]

[[package]]
name = "datetime"
version = "6.0"
description = "This package provides a DateTime data type, as known from Zope. Unless you need to communicate with Zope APIs, you're probably better off using Python's built-in datetime module."
optional = false
python-versions = ">=3.10"
groups = ["main"]
files = [
    {file = "datetime-6.0-py3-none-any.whl", hash = "sha256:d19988f0657a4e72c9438344157254a8dcad6aea8cd5ae70a5d1b5a75e5dc930"},
    {file = "datetime-6.0.tar.gz", hash = "sha256:c1514936d2f901e10c8e08d83bf04e6c9dbd7ca4f244da94fec980980a3bc4d5"},
]

[package.dependencies]
pytz = "*"
"zope.interface" = "*"

[[package]]
name = "macholib"
version = "1.16.4"
description = "Mach-O header analysis and editing"
optional = false
python-versions = "*"
groups = ["dev"]
markers = "sys_platform == \"darwin\""
files = [
    {file = "macholib-1.16.4-py2.py3-none-any.whl", hash = "sha256:da1a3fa8266e30f0ce7e97c6a54eefaae8edd1e5f86f3eb8b95457cae90265ea"},
    {file = "macholib-1.16.4.tar.gz", hash = "sha256:f408c93ab2e995cd2c46e34fe328b130404be143469e41bc366c807448979362"},
]

[package.dependencies]
altgraph = ">=0.17"

[[package]]
name = "packaging"
version = "25.0"
description = "Core utilities for Python packages"
optional = false
python-versions = ">=3.8"
groups = ["dev"]
files = [
    {file = "packaging-25.0-py3-none-any.whl", hash = "sha256:29572ef2b1f17581046b3a2227d5c611fb25ec70ca1ba8554b24b0e69331a484"},
    {file = "packaging-25.0.tar.gz", hash = "sha256:d443872c98d677bf60f6a1f2f8c1cb748e8fe762d2bf9d3148b5599295b0fc4f"},
]

[[package]]
name = "pefile"
version = "2024.8.26"
description = "Python PE parsing module"
optional = false
python-versions = ">=3.6.0"
groups = ["dev"]
markers = "sys_platform == \"win32\""
files = [
    {file = "pefile-2024.8.26-py3-none-any.whl", hash = "sha256:76f8b485dcd3b1bb8166f1128d395fa3d87af26360c2358fb75b80019b957c6f"},
    {file = "pefile-2024.8.26.tar.gz", hash = "sha256:3ff6c5d8b43e8c37bb6e6dd5085658d658a7a0bdcd20b6a07b1fcfc1c4e9d632"},
]

[[package]]
name = "pyinstaller"
version = "6.17.0"
description = "PyInstaller bundles a Python application and all its dependencies into a single package."
optional = false
python-versions = "<3.15,>=3.8"
groups = ["dev"]
files = [
    {file = "pyinstaller-6.17.0-py3-none-macosx_10_13_universal2.whl", hash = "sha256:4e446b8030c6e5a2f712e3f82011ecf6c7ead86008357b0d23a0ec4bcde31dac"},
    {file = "pyinstaller-6.17.0-py3-none-manylinux2014_aarch64.whl", hash = "sha256:aa9fd87aaa28239c6f0d0210114029bd03f8cac316a90bab071a5092d7c85ad7"},
    {file = "pyinstaller-6.17.0-py3-none-manylinux2014_i686.whl", hash = "sha256:060b122e43e7c0b23e759a4153be34bd70914135ab955bb18a67181e0dca85a2"},
    {file = "pyinstaller-6.17.0-py3-none-manylinux2014_ppc64le.whl", hash = "sha256:cd213d1a545c97dfe4a3c40e8213ff7c5127fc115c49229f27a3fa541503444b"},
    {file = "pyinstaller-6.17.0-py3-none-manylinux2014_s390x.whl", hash = "sha256:89c0d18ba8b62c6607abd8cf2299ae5ffa5c36d8c47f39608ce8c3f357f6099f"},
    {file = "pyinstaller-6.17.0-py3-none-manylinux2014_x86_64.whl", hash = "sha256:2a147b83cdebb07855bd5a663600891550062373a2ca375c58eacead33741a27"},
    {file = "pyinstaller-6.17.0-py3-none-musllinux_1_1_aarch64.whl", hash = "sha256:f8cfbbfa6708e54fb936df6dd6eafaf133e84efb0d2fe25b91cfeefa793c4ca4"},
    {file = "pyinstaller-6.17.0-py3-none-musllinux_1_1_x86_64.whl", hash = "sha256:97f4c1942f7b4cd73f9e38b49cc8f5f8a6fbb44922cb60dd3073a189b77ee1ae"},
    {file = "pyinstaller-6.17.0-py3-none-win32.whl", hash = "sha256:ce0be227a037fd4be672226db709088565484f597d6b230bceec19850fdd4c85"},
    {file = "pyinstaller-6.17.0-py3-none-win_amd64.whl", hash = "sha256:b019940dbf7a01489d6b26f9fb97db74b504e0a757010f7ad078675befc85a82"},
    {file = "pyinstaller-6.17.0-py3-none-win_arm64.whl", hash = "sha256:3c92a335e338170df7e615f75279cfeea97ade89e6dd7694943c8c185460f7b7"},
    {file = "pyinstaller-6.17.0.tar.gz", hash = "sha256:be372bd911392b88277e510940ac32a5c2a6ce4b8d00a311c78fa443f4f27313"},
]

[package.dependencies]
altgraph = "*"
macholib = {version = ">=1.8", markers = "sys_platform == \"darwin\""}
packaging = ">=22.0"
pefile = {version = ">=2022.5.30", markers = "sys_platform == \"win32\""}
pyinstaller-hooks-contrib = ">=2025.9"
pywin32-ctypes = {version = ">=0.2.1", markers = "sys_platform == \"win32\""}
setuptools = ">=42.0.0"

[package.extras]
completion = ["argcomplete"]
hook-testing = ["execnet (>=1.5.0)", "psutil", "pytest (>=2.7.3)"]

[[package]]
name = "pyinstaller-hooks-contrib"
version = "2025.11"
description = "Community maintained hooks for PyInstaller"
optional = false
python-versions = ">=3.8"
groups = ["dev"]
files = [
    {file = "pyinstaller_hooks_contrib-2025.11-py3-none-any.whl", hash = "sha256:777e163e2942474aa41a8e6d31ac1635292d63422c3646c176d584d04d971c34"},
    {file = "pyinstaller_hooks_contrib-2025.11.tar.gz", hash = "sha256:dfe18632e06655fa88d218e0d768fd753e1886465c12a6d4bce04f1aaeec917d"},
]

[package.dependencies]
packaging = ">=22.0"
setuptools = ">=42.0.0"

[[package]]
name = "pytz"
version = "2025.2"
description = "World timezone definitions, modern and historical"
optional = false
python-versions = "*"
groups = ["main"]
files = [
    {file = "pytz-2025.2-py2.py3-none-any.whl", hash = "sha256:5ddf76296dd8c44c26eb8f4b6f35488f3ccbf6fbbd7adee0b7262d43f0ec2f00"},
    {file = "pytz-2025.2.tar.gz", hash = "sha256:360b9e3dbb49a209c21ad61809c7fb453643e048b38924c765813546746e81c3"},
]

[[package]]
name = "pywin32-ctypes"
version = "0.2.3"
description = "A (partial) reimplementation of pywin32 using ctypes/cffi"
optional = false
python-versions = ">=3.6"
groups = ["dev"]
markers = "sys_platform == \"win32\""
files = [
    {file = "pywin32-ctypes-0.2.3.tar.gz", hash = "sha256:d162dc04946d704503b2edc4d55f3dba5c1d539ead017afa00142c38b9885755"},
    {file = "pywin32_ctypes-0.2.3-py3-none-any.whl", hash = "sha256:8a1513379d709975552d202d942d9837758905c8d01eb82b8bcc30918929e7b8"},
]

[[package]]
name = "setuptools"
version = "80.9.0"
description = "Easily download, build, install, upgrade, and uninstall Python packages"
optional = false
python-versions = ">=3.9"
groups = ["dev"]
files = [
    {file = "setuptools-80.9.0-py3-none-any.whl", hash = "sha256:062d34222ad13e0cc312a4c02d73f059e86a4acbfbdea8f8f76b28c99f306922"},
    {file = "setuptools-80.9.0.tar.gz", hash = "sha256:f36b47402ecde768dbfafc46e8e4207b4360c654f1f3bb84475f0a28628fb19c"},
]

[package.extras]
check = ["pytest-checkdocs (>=2.4)", "pytest-ruff (>=0.2.1) ; sys_platform != \"cygwin\"", "ruff (>=0.8.0) ; sys_platform != \"cygwin\""]
core = ["importlib_metadata (>=6) ; python_version < \"3.10\"", "jaraco.functools (>=4)", "jaraco.text (>=3.7)", "more_itertools", "more_itertools (>=8.8)", "packaging (>=24.2)", "platformdirs (>=4.2.2)", "tomli (>=2.0.1) ; python_version < \"3.11\"", "wheel (>=0.43.0)"]
cover = ["pytest-cov"]
doc = ["furo", "jaraco.packaging (>=9.3)", "jaraco.tidelift (>=1.4)", "pygments-github-lexers (==0.0.5)", "pyproject-hooks (!=1.1)", "rst.linker (>=1.9)", "sphinx (>=3.5)", "sphinx-favicon", "sphinx-inline-tabs", "sphinx-lint", "sphinx-notfound-page (>=1,<2)", "sphinx-reredirects", "sphinxcontrib-towncrier", "towncrier (<24.7)"]
enabler = ["pytest-enabler (>=2.2)"]
test = ["build[virtualenv] (>=1.0.3)", "filelock (>=3.4.0)", "ini2toml[lite] (>=0.14)", "jaraco.develop (>=7.21) ; python_version >= \"3.9\" and sys_platform != \"cygwin\"", "jaraco.envs (>=2.2)", "jaraco.path (>=3.7.2)", "jaraco.test (>=5.5)", "packaging (>=24.2)", "pip (>=19.1)", "pyproject-hooks (!=1.1)", "pytest (>=6,!=8.1.*)", "pytest-home (>=0.5)", "pytest-perf ; sys_platform != \"cygwin\"", "pytest-subprocess", "pytest-timeout", "pytest-xdist (>=3)", "tomli-w (>=1.0.0)", "virtualenv (>=13.0.0)", "wheel (>=0.44.0)"]
type = ["importlib_metadata (>=7.0.2) ; python_version < \"3.10\"", "jaraco.develop (>=7.21) ; sys_platform != \"cygwin\"", "mypy (==1.14.*)", "pytest-mypy"]

[[package]]
name = "tinydb"
version = "4.8.2"
description = "TinyDB is a tiny, document oriented database optimized for your happiness :)"
optional = false
python-versions = "<4.0,>=3.8"
groups = ["main"]
files = [
    {file = "tinydb-4.8.2-py3-none-any.whl", hash = "sha256:f97030ee5cbc91eeadd1d7af07ab0e48ceb04aa63d4a983adbaca4cba16e86c3"},
    {file = "tinydb-4.8.2.tar.gz", hash = "sha256:f7dfc39b8d7fda7a1ca62a8dbb449ffd340a117c1206b68c50b1a481fb95181d"},
]

[[package]]
name = "zope-interface"
version = "8.1.1"
description = "Interfaces for Python"
optional = false
python-versions = ">=3.10"
groups = ["main"]
files = [
    {file = "zope_interface-8.1.1-cp310-cp310-macosx_10_9_x86_64.whl", hash = "sha256:5c6b12b656c7d7e3d79cad8e2afc4a37eae6b6076e2c209a33345143148e435e"},
    {file = "zope_interface-8.1.1-cp310-cp310-macosx_11_0_arm64.whl", hash = "sha256:557c0f1363c300db406e9eeaae8ab6d1ba429d4fed60d8ab7dadab5ca66ccd35"},
    {file = "zope_interface-8.1.1-cp310-cp310-manylinux1_i686.manylinux2014_i686.manylinux_2_17_i686.manylinux_2_5_i686.whl", hash = "sha256:127b0e4c873752b777721543cf8525b3db5e76b88bd33bab807f03c568e9003f"},
    {file = "zope_interface-8.1.1-cp310-cp310-manylinux1_x86_64.manylinux2014_x86_64.manylinux_2_17_x86_64.manylinux_2_5_x86_64.whl", hash = "sha256:e0892c9d2dd47b45f62d1861bcae8b427fcc49b4a04fff67f12c5c55e56654d7"},
    {file = "zope_interface-8.1.1-cp310-cp310-manylinux2014_aarch64.manylinux_2_17_aarch64.whl", hash = "sha256:ff8a92dc8c8a2c605074e464984e25b9b5a8ac9b2a0238dd73a0f374df59a77e"},
    {file = "zope_interface-8.1.1-cp310-cp310-win_amd64.whl", hash = "sha256:54627ddf6034aab1f506ba750dd093f67d353be6249467d720e9f278a578efe5"},
    {file = "zope_interface-8.1.1-cp311-cp311-macosx_10_9_x86_64.whl", hash = "sha256:e8a0fdd5048c1bb733e4693eae9bc4145a19419ea6a1c95299318a93fe9f3d72"},
    {file = "zope_interface-8.1.1-cp311-cp311-macosx_11_0_arm64.whl", hash = "sha256:a4cb0ea75a26b606f5bc8524fbce7b7d8628161b6da002c80e6417ce5ec757c0"},
    {file = "zope_interface-8.1.1-cp311-cp311-manylinux1_i686.manylinux2014_i686.manylinux_2_17_i686.manylinux_2_5_i686.whl", hash = "sha256:c267b00b5a49a12743f5e1d3b4beef45479d696dab090f11fe3faded078a5133"},
    {file = "zope_interface-8.1.1-cp311-cp311-manylinux1_x86_64.manylinux2014_x86_64.manylinux_2_17_x86_64.manylinux_2_5_x86_64.whl", hash = "sha256:e25d3e2b9299e7ec54b626573673bdf0d740cf628c22aef0a3afef85b438aa54"},
    {file = "zope_interface-8.1.1-cp311-cp311-manylinux2014_aarch64.manylinux_2_17_aarch64.whl", hash = "sha256:63db1241804417aff95ac229c13376c8c12752b83cc06964d62581b493e6551b"},
    {file = "zope_interface-8.1.1-cp311-cp311-win_amd64.whl", hash = "sha256:9639bf4ed07b5277fb231e54109117c30d608254685e48a7104a34618bcbfc83"},
    {file = "zope_interface-8.1.1-cp312-cp312-macosx_10_9_x86_64.whl", hash = "sha256:a16715808408db7252b8c1597ed9008bdad7bf378ed48eb9b0595fad4170e49d"},
    {file = "zope_interface-8.1.1-cp312-cp312-macosx_11_0_arm64.whl", hash = "sha256:ce6b58752acc3352c4aa0b55bbeae2a941d61537e6afdad2467a624219025aae"},
    {file = "zope_interface-8.1.1-cp312-cp312-manylinux1_i686.manylinux2014_i686.manylinux_2_17_i686.manylinux_2_5_i686.whl", hash = "sha256:807778883d07177713136479de7fd566f9056a13aef63b686f0ab4807c6be259"},
    {file = "zope_interface-8.1.1-cp312-cp312-manylinux1_x86_64.manylinux2014_x86_64.manylinux_2_17_x86_64.manylinux_2_5_x86_64.whl", hash = "sha256:50e5eb3b504a7d63dc25211b9298071d5b10a3eb754d6bf2f8ef06cb49f807ab"},
    {file = "zope_interface-8.1.1-cp312-cp312-manylinux2014_aarch64.manylinux_2_17_aarch64.whl", hash = "sha256:eee6f93b2512ec9466cf30c37548fd3ed7bc4436ab29cd5943d7a0b561f14f0f"},
    {file = "zope_interface-8.1.1-cp312-cp312-win_amd64.whl", hash = "sha256:80edee6116d569883c58ff8efcecac3b737733d646802036dc337aa839a5f06b"},
    {file = "zope_interface-8.1.1-cp313-cp313-macosx_10_9_x86_64.whl", hash = "sha256:84f9be6d959640de9da5d14ac1f6a89148b16da766e88db37ed17e936160b0b1"},
    {file = "zope_interface-8.1.1-cp313-cp313-macosx_11_0_arm64.whl", hash = "sha256:531fba91dcb97538f70cf4642a19d6574269460274e3f6004bba6fe684449c51"},
    {file = "zope_interface-8.1.1-cp313-cp313-manylinux1_i686.manylinux2014_i686.manylinux_2_17_i686.manylinux_2_5_i686.whl", hash = "sha256:fc65f5633d5a9583ee8d88d1f5de6b46cd42c62e47757cfe86be36fb7c8c4c9b"},
    {file = "zope_interface-8.1.1-cp313-cp313-manylinux1_x86_64.manylinux2014_x86_64.manylinux_2_17_x86_64.manylinux_2_5_x86_64.whl", hash = "sha256:efef80ddec4d7d99618ef71bc93b88859248075ca2e1ae1c78636654d3d55533"},
    {file = "zope_interface-8.1.1-cp313-cp313-manylinux2014_aarch64.manylinux_2_17_aarch64.whl", hash = "sha256:49aad83525eca3b4747ef51117d302e891f0042b06f32aa1c7023c62642f962b"},
    {file = "zope_interface-8.1.1-cp313-cp313-win_amd64.whl", hash = "sha256:71cf329a21f98cb2bd9077340a589e316ac8a415cac900575a32544b3dffcb98"},
    {file = "zope_interface-8.1.1-cp314-cp314-macosx_10_9_x86_64.whl", hash = "sha256:da311e9d253991ca327601f47c4644d72359bac6950fbb22f971b24cd7850f8c"},
    {file = "zope_interface-8.1.1-cp314-cp314-macosx_11_0_arm64.whl", hash = "sha256:3fb25fca0442c7fb93c4ee40b42e3e033fef2f648730c4b7ae6d43222a3e8946"},
    {file = "zope_interface-8.1.1-cp314-cp314-manylinux1_i686.manylinux2014_i686.manylinux_2_17_i686.manylinux_2_5_i686.whl", hash = "sha256:bac588d0742b4e35efb7c7df1dacc0397b51ed37a17d4169a38019a1cebacf0a"},
    {file = "zope_interface-8.1.1-cp314-cp314-manylinux1_x86_64.manylinux2014_x86_64.manylinux_2_17_x86_64.manylinux_2_5_x86_64.whl", hash = "sha256:3d1f053d2d5e2b393e619bce1e55954885c2e63969159aa521839e719442db49"},
    {file = "zope_interface-8.1.1-cp314-cp314-manylinux2014_aarch64.manylinux_2_17_aarch64.whl", hash = "sha256:64a1ad7f4cb17d948c6bdc525a1d60c0e567b2526feb4fa38b38f249961306b8"},
    {file = "zope_interface-8.1.1-cp314-cp314-win_amd64.whl", hash = "sha256:169214da1b82b7695d1a36f92d70b11166d66b6b09d03df35d150cc62ac52276"},
    {file = "zope_interface-8.1.1.tar.gz", hash = "sha256:51b10e6e8e238d719636a401f44f1e366146912407b58453936b781a19be19ec"},
]

[package.extras]
docs = ["Sphinx", "furo", "repoze.sphinx.autointerface"]
test = ["coverage[toml]", "zope.event", "zope.testing"]
testing = ["coverage[toml]", "zope.event", "zope.testing"]

[metadata]
lock-version = "2.1"
python-versions = ">=3.12,<3.15"
content-hash = "53a517b375e0e3c1e085fb6624f3eff5fec5336dbe6dcc999825cc9bb1068a92"
