# This file is automatically @generated by Poetry 2.2.1 and should not be changed by hand.

[[package]]
name = "datetime"
version = "6.0"
description = "This package provides a DateTime data type, as known from Zope. Unless you need to communicate with Zope APIs, you're probably better off using Python's built-in datetime module."
optional = false
python-versions = ">=3.10"
groups = ["main"]
files = [
    {file = "datetime-6.0-py3-none-any.whl", hash = "sha256:d19988f0657a4e72c9438344157254a8dcad6aea8cd5ae70a5d1b5a75e5dc930"},
    {file = "datetime-6.0.tar.gz", hash = "sha256:c1514936d2f901e10c8e08d83bf04e6c9dbd7ca4f244da94fec980980a3bc4d5"},
]

[package.dependencies]
pytz = "*"
"zope.interface" = "*"

[[package]]
name = "pytz"
version = "2025.2"
description = "World timezone definitions, modern and historical"
optional = false
python-versions = "*"
groups = ["main"]
files = [
    {file = "pytz-2025.2-py2.py3-none-any.whl", hash = "sha256:5ddf76296dd8c44c26eb8f4b6f35488f3ccbf6fbbd7adee0b7262d43f0ec2f00"},
    {file = "pytz-2025.2.tar.gz", hash = "sha256:360b9e3dbb49a209c21ad61809c7fb453643e048b38924c765813546746e81c3"},
]

[[package]]
name = "tinydb"
version = "4.8.2"
description = "TinyDB is a tiny, document oriented database optimized for your happiness :)"
optional = false
python-versions = "<4.0,>=3.8"
groups = ["main"]
files = [
    {file = "tinydb-4.8.2-py3-none-any.whl", hash = "sha256:f97030ee5cbc91eeadd1d7af07ab0e48ceb04aa63d4a983adbaca4cba16e86c3"},
    {file = "tinydb-4.8.2.tar.gz", hash = "sha256:f7dfc39b8d7fda7a1ca62a8dbb449ffd340a117c1206b68c50b1a481fb95181d"},
]

[[package]]
name = "zope-interface"
version = "8.1.1"
description = "Interfaces for Python"
optional = false
python-versions = ">=3.10"
groups = ["main"]
files = [
    {file = "zope_interface-8.1.1-cp310-cp310-macosx_10_9_x86_64.whl", hash = "sha256:5c6b12b656c7d7e3d79cad8e2afc4a37eae6b6076e2c209a33345143148e435e"},
    {file = "zope_interface-8.1.1-cp310-cp310-macosx_11_0_arm64.whl", hash = "sha256:557c0f1363c300db406e9eeaae8ab6d1ba429d4fed60d8ab7dadab5ca66ccd35"},
    {file = "zope_interface-8.1.1-cp310-cp310-manylinux1_i686.manylinux2014_i686.manylinux_2_17_i686.manylinux_2_5_i686.whl", hash = "sha256:127b0e4c873752b777721543cf8525b3db5e76b88bd33bab807f03c568e9003f"},
    {file = "zope_interface-8.1.1-cp310-cp310-manylinux1_x86_64.manylinux2014_x86_64.manylinux_2_17_x86_64.manylinux_2_5_x86_64.whl", hash = "sha256:e0892c9d2dd47b45f62d1861bcae8b427fcc49b4a04fff67f12c5c55e56654d7"},
    {file = "zope_interface-8.1.1-cp310-cp310-manylinux2014_aarch64.manylinux_2_17_aarch64.whl", hash = "sha256:ff8a92dc8c8a2c605074e464984e25b9b5a8ac9b2a0238dd73a0f374df59a77e"},
    {file = "zope_interface-8.1.1-cp310-cp310-win_amd64.whl", hash = "sha256:54627ddf6034aab1f506ba750dd093f67d353be6249467d720e9f278a578efe5"},
    {file = "zope_interface-8.1.1-cp311-cp311-macosx_10_9_x86_64.whl", hash = "sha256:e8a0fdd5048c1bb733e4693eae9bc4145a19419ea6a1c95299318a93fe9f3d72"},
    {file = "zope_interface-8.1.1-cp311-cp311-macosx_11_0_arm64.whl", hash = "sha256:a4cb0ea75a26b606f5bc8524fbce7b7d8628161b6da002c80e6417ce5ec757c0"},
    {file = "zope_interface-8.1.1-cp311-cp311-manylinux1_i686.manylinux2014_i686.manylinux_2_17_i686.manylinux_2_5_i686.whl", hash = "sha256:c267b00b5a49a12743f5e1d3b4beef45479d696dab090f11fe3faded078a5133"},
    {file = "zope_interface-8.1.1-cp311-cp311-manylinux1_x86_64.manylinux2014_x86_64.manylinux_2_17_x86_64.manylinux_2_5_x86_64.whl", hash = "sha256:e25d3e2b9299e7ec54b626573673bdf0d740cf628c22aef0a3afef85b438aa54"},
    {file = "zope_interface-8.1.1-cp311-cp311-manylinux2014_aarch64.manylinux_2_17_aarch64.whl", hash = "sha256:63db1241804417aff95ac229c13376c8c12752b83cc06964d62581b493e6551b"},
    {file = "zope_interface-8.1.1-cp311-cp311-win_amd64.whl", hash = "sha256:9639bf4ed07b5277fb231e54109117c30d608254685e48a7104a34618bcbfc83"},
    {file = "zope_interface-8.1.1-cp312-cp312-macosx_10_9_x86_64.whl", hash = "sha256:a16715808408db7252b8c1597ed9008bdad7bf378ed48eb9b0595fad4170e49d"},
    {file = "zope_interface-8.1.1-cp312-cp312-macosx_11_0_arm64.whl", hash = "sha256:ce6b58752acc3352c4aa0b55bbeae2a941d61537e6afdad2467a624219025aae"},
    {file = "zope_interface-8.1.1-cp312-cp312-manylinux1_i686.manylinux2014_i686.manylinux_2_17_i686.manylinux_2_5_i686.whl", hash = "sha256:807778883d07177713136479de7fd566f9056a13aef63b686f0ab4807c6be259"},
    {file = "zope_interface-8.1.1-cp312-cp312-manylinux1_x86_64.manylinux2014_x86_64.manylinux_2_17_x86_64.manylinux_2_5_x86_64.whl", hash = "sha256:50e5eb3b504a7d63dc25211b9298071d5b10a3eb754d6bf2f8ef06cb49f807ab"},
    {file = "zope_interface-8.1.1-cp312-cp312-manylinux2014_aarch64.manylinux_2_17_aarch64.whl", hash = "sha256:eee6f93b2512ec9466cf30c37548fd3ed7bc4436ab29cd5943d7a0b561f14f0f"},
    {file = "zope_interface-8.1.1-cp312-cp312-win_amd64.whl", hash = "sha256:80edee6116d569883c58ff8efcecac3b737733d646802036dc337aa839a5f06b"},
    {file = "zope_interface-8.1.1-cp313-cp313-macosx_10_9_x86_64.whl", hash = "sha256:84f9be6d959640de9da5d14ac1f6a89148b16da766e88db37ed17e936160b0b1"},
    {file = "zope_interface-8.1.1-cp313-cp313-macosx_11_0_arm64.whl", hash = "sha256:531fba91dcb97538f70cf4642a19d6574269460274e3f6004bba6fe684449c51"},
    {file = "zope_interface-8.1.1-cp313-cp313-manylinux1_i686.manylinux2014_i686.manylinux_2_17_i686.manylinux_2_5_i686.whl", hash = "sha256:fc65f5633d5a9583ee8d88d1f5de6b46cd42c62e47757cfe86be36fb7c8c4c9b"},
    {file = "zope_interface-8.1.1-cp313-cp313-manylinux1_x86_64.manylinux2014_x86_64.manylinux_2_17_x86_64.manylinux_2_5_x86_64.whl", hash = "sha256:efef80ddec4d7d99618ef71bc93b88859248075ca2e1ae1c78636654d3d55533"},
    {file = "zope_interface-8.1.1-cp313-cp313-manylinux2014_aarch64.manylinux_2_17_aarch64.whl", hash = "sha256:49aad83525eca3b4747ef51117d302e891f0042b06f32aa1c7023c62642f962b"},
    {file = "zope_interface-8.1.1-cp313-cp313-win_amd64.whl", hash = "sha256:71cf329a21f98cb2bd9077340a589e316ac8a415cac900575a32544b3dffcb98"},
    {file = "zope_interface-8.1.1-cp314-cp314-macosx_10_9_x86_64.whl", hash = "sha256:da311e9d253991ca327601f47c4644d72359bac6950fbb22f971b24cd7850f8c"},
    {file = "zope_interface-8.1.1-cp314-cp314-macosx_11_0_arm64.whl", hash = "sha256:3fb25fca0442c7fb93c4ee40b42e3e033fef2f648730c4b7ae6d43222a3e8946"},
    {file = "zope_interface-8.1.1-cp314-cp314-manylinux1_i686.manylinux2014_i686.manylinux_2_17_i686.manylinux_2_5_i686.whl", hash = "sha256:bac588d0742b4e35efb7c7df1dacc0397b51ed37a17d4169a38019a1cebacf0a"},
    {file = "zope_interface-8.1.1-cp314-cp314-manylinux1_x86_64.manylinux2014_x86_64.manylinux_2_17_x86_64.manylinux_2_5_x86_64.whl", hash = "sha256:3d1f053d2d5e2b393e619bce1e55954885c2e63969159aa521839e719442db49"},
    {file = "zope_interface-8.1.1-cp314-cp314-manylinux2014_aarch64.manylinux_2_17_aarch64.whl", hash = "sha256:64a1ad7f4cb17d948c6bdc525a1d60c0e567b2526feb4fa38b38f249961306b8"},
    {file = "zope_interface-8.1.1-cp314-cp314-win_amd64.whl", hash = "sha256:169214da1b82b7695d1a36f92d70b11166d66b6b09d03df35d150cc62ac52276"},
    {file = "zope_interface-8.1.1.tar.gz", hash = "sha256:51b10e6e8e238d719636a401f44f1e366146912407b58453936b781a19be19ec"},
]

[package.extras]
docs = ["Sphinx", "furo", "repoze.sphinx.autointerface"]
test = ["coverage[toml]", "zope.event", "zope.testing"]
testing = ["coverage[toml]", "zope.event", "zope.testing"]

[metadata]
lock-version = "2.1"
python-versions = ">=3.12,<4.0"
content-hash = "8e6f38594502c0cfd4f22217827ee179eddc206644f2568f571fbb65a1c0bfc7"
